// !$*UTF8*$!
{
	archiveVersion = 1;
	classes = {
	};
	objectVersion = 46;
	objects = {

/* Begin PBXBuildFile section */
		BC94116F1A5C14AC00E6655C /* easing.c in Sources */ = {isa = PBXBuildFile; fileRef = BC94116D1A5C14AC00E6655C /* easing.c */; };
		BCBC476E1A46DAA90079A471 /* bigmotor.wav in Resources */ = {isa = PBXBuildFile; fileRef = BCBC476D1A46DAA90079A471 /* bigmotor.wav */; };
		BCC431291A33EB2600C16C88 /* AppDelegate.swift in Sources */ = {isa = PBXBuildFile; fileRef = BCC431281A33EB2600C16C88 /* AppDelegate.swift */; };
		BCC4312B1A33EB2600C16C88 /* GameScene.sks in Resources */ = {isa = PBXBuildFile; fileRef = BCC4312A1A33EB2600C16C88 /* GameScene.sks */; };
		BCC4312D1A33EB2600C16C88 /* GameScene.swift in Sources */ = {isa = PBXBuildFile; fileRef = BCC4312C1A33EB2600C16C88 /* GameScene.swift */; };
		BCC4312F1A33EB2600C16C88 /* GameViewController.swift in Sources */ = {isa = PBXBuildFile; fileRef = BCC4312E1A33EB2600C16C88 /* GameViewController.swift */; };
		BCC431321A33EB2600C16C88 /* Main.storyboard in Resources */ = {isa = PBXBuildFile; fileRef = BCC431301A33EB2600C16C88 /* Main.storyboard */; };
		BCC431341A33EB2600C16C88 /* Images.xcassets in Resources */ = {isa = PBXBuildFile; fileRef = BCC431331A33EB2600C16C88 /* Images.xcassets */; };
		BCC431371A33EB2600C16C88 /* LaunchScreen.xib in Resources */ = {isa = PBXBuildFile; fileRef = BCC431351A33EB2600C16C88 /* LaunchScreen.xib */; };
		BCC431431A33EB2600C16C88 /* Game2Tests.swift in Sources */ = {isa = PBXBuildFile; fileRef = BCC431421A33EB2600C16C88 /* Game2Tests.swift */; };
/* End PBXBuildFile section */

/* Begin PBXContainerItemProxy section */
		BCC4313D1A33EB2600C16C88 /* PBXContainerItemProxy */ = {
			isa = PBXContainerItemProxy;
			containerPortal = BCC4311B1A33EB2600C16C88 /* Project object */;
			proxyType = 1;
			remoteGlobalIDString = BCC431221A33EB2600C16C88;
			remoteInfo = Game2;
		};
/* End PBXContainerItemProxy section */

/* Begin PBXFileReference section */
		BC9411691A5C149200E6655C /* Game2-Bridging-Header.h */ = {isa = PBXFileReference; lastKnownFileType = sourcecode.c.h; path = "Game2-Bridging-Header.h"; sourceTree = "<group>"; };
		BC94116D1A5C14AC00E6655C /* easing.c */ = {isa = PBXFileReference; fileEncoding = 4; lastKnownFileType = sourcecode.c.c; path = easing.c; sourceTree = "<group>"; };
		BC94116E1A5C14AC00E6655C /* easing.h */ = {isa = PBXFileReference; fileEncoding = 4; lastKnownFileType = sourcecode.c.h; path = easing.h; sourceTree = "<group>"; };
		BCBC476D1A46DAA90079A471 /* bigmotor.wav */ = {isa = PBXFileReference; lastKnownFileType = audio.wav; path = bigmotor.wav; sourceTree = "<group>"; };
		BCC431231A33EB2600C16C88 /* Game2.app */ = {isa = PBXFileReference; explicitFileType = wrapper.application; includeInIndex = 0; path = Game2.app; sourceTree = BUILT_PRODUCTS_DIR; };
		BCC431271A33EB2600C16C88 /* Info.plist */ = {isa = PBXFileReference; lastKnownFileType = text.plist.xml; path = Info.plist; sourceTree = "<group>"; };
		BCC431281A33EB2600C16C88 /* AppDelegate.swift */ = {isa = PBXFileReference; lastKnownFileType = sourcecode.swift; path = AppDelegate.swift; sourceTree = "<group>"; };
		BCC4312A1A33EB2600C16C88 /* GameScene.sks */ = {isa = PBXFileReference; lastKnownFileType = file.sks; path = GameScene.sks; sourceTree = "<group>"; };
		BCC4312C1A33EB2600C16C88 /* GameScene.swift */ = {isa = PBXFileReference; lastKnownFileType = sourcecode.swift; path = GameScene.swift; sourceTree = "<group>"; };
		BCC4312E1A33EB2600C16C88 /* GameViewController.swift */ = {isa = PBXFileReference; lastKnownFileType = sourcecode.swift; path = GameViewController.swift; sourceTree = "<group>"; };
		BCC431311A33EB2600C16C88 /* Base */ = {isa = PBXFileReference; lastKnownFileType = file.storyboard; name = Base; path = Base.lproj/Main.storyboard; sourceTree = "<group>"; };
		BCC431331A33EB2600C16C88 /* Images.xcassets */ = {isa = PBXFileReference; lastKnownFileType = folder.assetcatalog; path = Images.xcassets; sourceTree = "<group>"; };
		BCC431361A33EB2600C16C88 /* Base */ = {isa = PBXFileReference; lastKnownFileType = file.xib; name = Base; path = Base.lproj/LaunchScreen.xib; sourceTree = "<group>"; };
		BCC4313C1A33EB2600C16C88 /* Game2Tests.xctest */ = {isa = PBXFileReference; explicitFileType = wrapper.cfbundle; includeInIndex = 0; path = Game2Tests.xctest; sourceTree = BUILT_PRODUCTS_DIR; };
		BCC431411A33EB2600C16C88 /* Info.plist */ = {isa = PBXFileReference; lastKnownFileType = text.plist.xml; path = Info.plist; sourceTree = "<group>"; };
		BCC431421A33EB2600C16C88 /* Game2Tests.swift */ = {isa = PBXFileReference; lastKnownFileType = sourcecode.swift; path = Game2Tests.swift; sourceTree = "<group>"; };
/* End PBXFileReference section */

/* Begin PBXFrameworksBuildPhase section */
		BCC431201A33EB2600C16C88 /* Frameworks */ = {
			isa = PBXFrameworksBuildPhase;
			buildActionMask = 2147483647;
			files = (
			);
			runOnlyForDeploymentPostprocessing = 0;
		};
		BCC431391A33EB2600C16C88 /* Frameworks */ = {
			isa = PBXFrameworksBuildPhase;
			buildActionMask = 2147483647;
			files = (
			);
			runOnlyForDeploymentPostprocessing = 0;
		};
/* End PBXFrameworksBuildPhase section */

/* Begin PBXGroup section */
		BCC4311A1A33EB2600C16C88 = {
			isa = PBXGroup;
			children = (
				BCBC476D1A46DAA90079A471 /* bigmotor.wav */,
				BCC431251A33EB2600C16C88 /* Game2 */,
				BCC4313F1A33EB2600C16C88 /* Game2Tests */,
				BCC431241A33EB2600C16C88 /* Products */,
			);
			sourceTree = "<group>";
		};
		BCC431241A33EB2600C16C88 /* Products */ = {
			isa = PBXGroup;
			children = (
				BCC431231A33EB2600C16C88 /* Game2.app */,
				BCC4313C1A33EB2600C16C88 /* Game2Tests.xctest */,
			);
			name = Products;
			sourceTree = "<group>";
		};
		BCC431251A33EB2600C16C88 /* Game2 */ = {
			isa = PBXGroup;
			children = (
				BCC431281A33EB2600C16C88 /* AppDelegate.swift */,
				BCC4312A1A33EB2600C16C88 /* GameScene.sks */,
				BCC4312C1A33EB2600C16C88 /* GameScene.swift */,
				BCC4312E1A33EB2600C16C88 /* GameViewController.swift */,
				BCC431301A33EB2600C16C88 /* Main.storyboard */,
				BCC431331A33EB2600C16C88 /* Images.xcassets */,
				BCC431351A33EB2600C16C88 /* LaunchScreen.xib */,
				BCC431261A33EB2600C16C88 /* Supporting Files */,
				BC9411691A5C149200E6655C /* Game2-Bridging-Header.h */,
				BC94116D1A5C14AC00E6655C /* easing.c */,
				BC94116E1A5C14AC00E6655C /* easing.h */,
			);
			path = Game2;
			sourceTree = "<group>";
		};
		BCC431261A33EB2600C16C88 /* Supporting Files */ = {
			isa = PBXGroup;
			children = (
				BCC431271A33EB2600C16C88 /* Info.plist */,
			);
			name = "Supporting Files";
			sourceTree = "<group>";
		};
		BCC4313F1A33EB2600C16C88 /* Game2Tests */ = {
			isa = PBXGroup;
			children = (
				BCC431421A33EB2600C16C88 /* Game2Tests.swift */,
				BCC431401A33EB2600C16C88 /* Supporting Files */,
			);
			path = Game2Tests;
			sourceTree = "<group>";
		};
		BCC431401A33EB2600C16C88 /* Supporting Files */ = {
			isa = PBXGroup;
			children = (
				BCC431411A33EB2600C16C88 /* Info.plist */,
			);
			name = "Supporting Files";
			sourceTree = "<group>";
		};
/* End PBXGroup section */

/* Begin PBXNativeTarget section */
		BCC431221A33EB2600C16C88 /* Game2 */ = {
			isa = PBXNativeTarget;
			buildConfigurationList = BCC431461A33EB2600C16C88 /* Build configuration list for PBXNativeTarget "Game2" */;
			buildPhases = (
				BCC4311F1A33EB2600C16C88 /* Sources */,
				BCC431201A33EB2600C16C88 /* Frameworks */,
				BCC431211A33EB2600C16C88 /* Resources */,
			);
			buildRules = (
			);
			dependencies = (
			);
			name = Game2;
			productName = Game2;
			productReference = BCC431231A33EB2600C16C88 /* Game2.app */;
			productType = "com.apple.product-type.application";
		};
		BCC4313B1A33EB2600C16C88 /* Game2Tests */ = {
			isa = PBXNativeTarget;
			buildConfigurationList = BCC431491A33EB2600C16C88 /* Build configuration list for PBXNativeTarget "Game2Tests" */;
			buildPhases = (
				BCC431381A33EB2600C16C88 /* Sources */,
				BCC431391A33EB2600C16C88 /* Frameworks */,
				BCC4313A1A33EB2600C16C88 /* Resources */,
			);
			buildRules = (
			);
			dependencies = (
				BCC4313E1A33EB2600C16C88 /* PBXTargetDependency */,
			);
			name = Game2Tests;
			productName = Game2Tests;
			productReference = BCC4313C1A33EB2600C16C88 /* Game2Tests.xctest */;
			productType = "com.apple.product-type.bundle.unit-test";
		};
/* End PBXNativeTarget section */

/* Begin PBXProject section */
		BCC4311B1A33EB2600C16C88 /* Project object */ = {
			isa = PBXProject;
			attributes = {
				LastUpgradeCheck = 0610;
				ORGANIZATIONNAME = "Руслан Ольховка";
				TargetAttributes = {
					BCC431221A33EB2600C16C88 = {
						CreatedOnToolsVersion = 6.1.1;
					};
					BCC4313B1A33EB2600C16C88 = {
						CreatedOnToolsVersion = 6.1.1;
						TestTargetID = BCC431221A33EB2600C16C88;
					};
				};
			};
			buildConfigurationList = BCC4311E1A33EB2600C16C88 /* Build configuration list for PBXProject "Game2" */;
			compatibilityVersion = "Xcode 3.2";
			developmentRegion = English;
			hasScannedForEncodings = 0;
			knownRegions = (
				en,
				Base,
			);
			mainGroup = BCC4311A1A33EB2600C16C88;
			productRefGroup = BCC431241A33EB2600C16C88 /* Products */;
			projectDirPath = "";
			projectRoot = "";
			targets = (
				BCC431221A33EB2600C16C88 /* Game2 */,
				BCC4313B1A33EB2600C16C88 /* Game2Tests */,
			);
		};
/* End PBXProject section */

/* Begin PBXResourcesBuildPhase section */
		BCC431211A33EB2600C16C88 /* Resources */ = {
			isa = PBXResourcesBuildPhase;
			buildActionMask = 2147483647;
			files = (
				BCC431371A33EB2600C16C88 /* LaunchScreen.xib in Resources */,
				BCBC476E1A46DAA90079A471 /* bigmotor.wav in Resources */,
				BCC431341A33EB2600C16C88 /* Images.xcassets in Resources */,
				BCC4312B1A33EB2600C16C88 /* GameScene.sks in Resources */,
				BCC431321A33EB2600C16C88 /* Main.storyboard in Resources */,
			);
			runOnlyForDeploymentPostprocessing = 0;
		};
		BCC4313A1A33EB2600C16C88 /* Resources */ = {
			isa = PBXResourcesBuildPhase;
			buildActionMask = 2147483647;
			files = (
			);
			runOnlyForDeploymentPostprocessing = 0;
		};
/* End PBXResourcesBuildPhase section */

/* Begin PBXSourcesBuildPhase section */
		BCC4311F1A33EB2600C16C88 /* Sources */ = {
			isa = PBXSourcesBuildPhase;
			buildActionMask = 2147483647;
			files = (
				BC94116F1A5C14AC00E6655C /* easing.c in Sources */,
				BCC4312D1A33EB2600C16C88 /* GameScene.swift in Sources */,
				BCC4312F1A33EB2600C16C88 /* GameViewController.swift in Sources */,
				BCC431291A33EB2600C16C88 /* AppDelegate.swift in Sources */,
			);
			runOnlyForDeploymentPostprocessing = 0;
		};
		BCC431381A33EB2600C16C88 /* Sources */ = {
			isa = PBXSourcesBuildPhase;
			buildActionMask = 2147483647;
			files = (
				BCC431431A33EB2600C16C88 /* Game2Tests.swift in Sources */,
			);
			runOnlyForDeploymentPostprocessing = 0;
		};
/* End PBXSourcesBuildPhase section */

/* Begin PBXTargetDependency section */
		BCC4313E1A33EB2600C16C88 /* PBXTargetDependency */ = {
			isa = PBXTargetDependency;
			target = BCC431221A33EB2600C16C88 /* Game2 */;
			targetProxy = BCC4313D1A33EB2600C16C88 /* PBXContainerItemProxy */;
		};
/* End PBXTargetDependency section */

/* Begin PBXVariantGroup section */
		BCC431301A33EB2600C16C88 /* Main.storyboard */ = {
			isa = PBXVariantGroup;
			children = (
				BCC431311A33EB2600C16C88 /* Base */,
			);
			name = Main.storyboard;
			sourceTree = "<group>";
		};
		BCC431351A33EB2600C16C88 /* LaunchScreen.xib */ = {
			isa = PBXVariantGroup;
			children = (
				BCC431361A33EB2600C16C88 /* Base */,
			);
			name = LaunchScreen.xib;
			sourceTree = "<group>";
		};
/* End PBXVariantGroup section */

/* Begin XCBuildConfiguration section */
		BCC431441A33EB2600C16C88 /* Debug */ = {
			isa = XCBuildConfiguration;
			buildSettings = {
				ALWAYS_SEARCH_USER_PATHS = NO;
				CLANG_CXX_LANGUAGE_STANDARD = "gnu++0x";
				CLANG_CXX_LIBRARY = "libc++";
				CLANG_ENABLE_MODULES = YES;
				CLANG_ENABLE_OBJC_ARC = YES;
				CLANG_WARN_BOOL_CONVERSION = YES;
				CLANG_WARN_CONSTANT_CONVERSION = YES;
				CLANG_WARN_DIRECT_OBJC_ISA_USAGE = YES_ERROR;
				CLANG_WARN_EMPTY_BODY = YES;
				CLANG_WARN_ENUM_CONVERSION = YES;
				CLANG_WARN_INT_CONVERSION = YES;
				CLANG_WARN_OBJC_ROOT_CLASS = YES_ERROR;
				CLANG_WARN_UNREACHABLE_CODE = YES;
				CLANG_WARN__DUPLICATE_METHOD_MATCH = YES;
				"CODE_SIGN_IDENTITY[sdk=iphoneos*]" = "iPhone Developer";
				COPY_PHASE_STRIP = NO;
				ENABLE_STRICT_OBJC_MSGSEND = YES;
				GCC_C_LANGUAGE_STANDARD = gnu99;
				GCC_DYNAMIC_NO_PIC = NO;
				GCC_OPTIMIZATION_LEVEL = 0;
				GCC_PREPROCESSOR_DEFINITIONS = (
					"DEBUG=1",
					"$(inherited)",
				);
				GCC_SYMBOLS_PRIVATE_EXTERN = NO;
				GCC_WARN_64_TO_32_BIT_CONVERSION = YES;
				GCC_WARN_ABOUT_RETURN_TYPE = YES_ERROR;
				GCC_WARN_UNDECLARED_SELECTOR = YES;
				GCC_WARN_UNINITIALIZED_AUTOS = YES_AGGRESSIVE;
				GCC_WARN_UNUSED_FUNCTION = YES;
				GCC_WARN_UNUSED_VARIABLE = YES;
				IPHONEOS_DEPLOYMENT_TARGET = 8.1;
				MTL_ENABLE_DEBUG_INFO = YES;
				ONLY_ACTIVE_ARCH = YES;
				SDKROOT = iphoneos;
				SWIFT_OPTIMIZATION_LEVEL = "-Onone";
			};
			name = Debug;
		};
		BCC431451A33EB2600C16C88 /* Release */ = {
			isa = XCBuildConfiguration;
			buildSettings = {
				ALWAYS_SEARCH_USER_PATHS = NO;
				CLANG_CXX_LANGUAGE_STANDARD = "gnu++0x";
				CLANG_CXX_LIBRARY = "libc++";
				CLANG_ENABLE_MODULES = YES;
				CLANG_ENABLE_OBJC_ARC = YES;
				CLANG_WARN_BOOL_CONVERSION = YES;
				CLANG_WARN_CONSTANT_CONVERSION = YES;
				CLANG_WARN_DIRECT_OBJC_ISA_USAGE = YES_ERROR;
				CLANG_WARN_EMPTY_BODY = YES;
				CLANG_WARN_ENUM_CONVERSION = YES;
				CLANG_WARN_INT_CONVERSION = YES;
				CLANG_WARN_OBJC_ROOT_CLASS = YES_ERROR;
				CLANG_WARN_UNREACHABLE_CODE = YES;
				CLANG_WARN__DUPLICATE_METHOD_MATCH = YES;
				"CODE_SIGN_IDENTITY[sdk=iphoneos*]" = "iPhone Developer";
				COPY_PHASE_STRIP = YES;
				ENABLE_NS_ASSERTIONS = NO;
				ENABLE_STRICT_OBJC_MSGSEND = YES;
				GCC_C_LANGUAGE_STANDARD = gnu99;
				GCC_WARN_64_TO_32_BIT_CONVERSION = YES;
				GCC_WARN_ABOUT_RETURN_TYPE = YES_ERROR;
				GCC_WARN_UNDECLARED_SELECTOR = YES;
				GCC_WARN_UNINITIALIZED_AUTOS = YES_AGGRESSIVE;
				GCC_WARN_UNUSED_FUNCTION = YES;
				GCC_WARN_UNUSED_VARIABLE = YES;
				IPHONEOS_DEPLOYMENT_TARGET = 8.1;
				MTL_ENABLE_DEBUG_INFO = NO;
				SDKROOT = iphoneos;
				VALIDATE_PRODUCT = YES;
			};
			name = Release;
		};
		BCC431471A33EB2600C16C88 /* Debug */ = {
			isa = XCBuildConfiguration;
			buildSettings = {
				ASSETCATALOG_COMPILER_APPICON_NAME = AppIcon;
				CLANG_ENABLE_MODULES = YES;
				CODE_SIGN_IDENTITY = "iPhone Developer";
				INFOPLIST_FILE = Game2/Info.plist;
				IPHONEOS_DEPLOYMENT_TARGET = 7.1;
				LD_RUNPATH_SEARCH_PATHS = "$(inherited) @executable_path/Frameworks";
				PRODUCT_NAME = "$(TARGET_NAME)";
				SWIFT_OBJC_BRIDGING_HEADER = "Game2/Game2-Bridging-Header.h";
				SWIFT_OPTIMIZATION_LEVEL = "-Onone";
			};
			name = Debug;
		};
		BCC431481A33EB2600C16C88 /* Release */ = {
			isa = XCBuildConfiguration;
			buildSettings = {
				ASSETCATALOG_COMPILER_APPICON_NAME = AppIcon;
				CLANG_ENABLE_MODULES = YES;
				CODE_SIGN_IDENTITY = "iPhone Developer";
				INFOPLIST_FILE = Game2/Info.plist;
				IPHONEOS_DEPLOYMENT_TARGET = 7.1;
				LD_RUNPATH_SEARCH_PATHS = "$(inherited) @executable_path/Frameworks";
				PRODUCT_NAME = "$(TARGET_NAME)";
				SWIFT_OBJC_BRIDGING_HEADER = "Game2/Game2-Bridging-Header.h";
			};
			name = Release;
		};
		BCC4314A1A33EB2600C16C88 /* Debug */ = {
			isa = XCBuildConfiguration;
			buildSettings = {
				BUNDLE_LOADER = "$(TEST_HOST)";
				FRAMEWORK_SEARCH_PATHS = (
					"$(SDKROOT)/Developer/Library/Frameworks",
					"$(inherited)",
				);
				GCC_PREPROCESSOR_DEFINITIONS = (
					"DEBUG=1",
					"$(inherited)",
				);
				INFOPLIST_FILE = Game2Tests/Info.plist;
				LD_RUNPATH_SEARCH_PATHS = "$(inherited) @executable_path/Frameworks @loader_path/Frameworks";
				PRODUCT_NAME = "$(TARGET_NAME)";
				TEST_HOST = "$(BUILT_PRODUCTS_DIR)/Game2.app/Game2";
			};
			name = Debug;
		};
		BCC4314B1A33EB2600C16C88 /* Release */ = {
			isa = XCBuildConfiguration;
			buildSettings = {
				BUNDLE_LOADER = "$(TEST_HOST)";
				FRAMEWORK_SEARCH_PATHS = (
					"$(SDKROOT)/Developer/Library/Frameworks",
					"$(inherited)",
				);
				INFOPLIST_FILE = Game2Tests/Info.plist;
				LD_RUNPATH_SEARCH_PATHS = "$(inherited) @executable_path/Frameworks @loader_path/Frameworks";
				PRODUCT_NAME = "$(TARGET_NAME)";
				TEST_HOST = "$(BUILT_PRODUCTS_DIR)/Game2.app/Game2";
			};
			name = Release;
		};
/* End XCBuildConfiguration section */

/* Begin XCConfigurationList section */
		BCC4311E1A33EB2600C16C88 /* Build configuration list for PBXProject "Game2" */ = {
			isa = XCConfigurationList;
			buildConfigurations = (
				BCC431441A33EB2600C16C88 /* Debug */,
				BCC431451A33EB2600C16C88 /* Release */,
			);
			defaultConfigurationIsVisible = 0;
			defaultConfigurationName = Release;
		};
		BCC431461A33EB2600C16C88 /* Build configuration list for PBXNativeTarget "Game2" */ = {
			isa = XCConfigurationList;
			buildConfigurations = (
				BCC431471A33EB2600C16C88 /* Debug */,
				BCC431481A33EB2600C16C88 /* Release */,
			);
			defaultConfigurationIsVisible = 0;
			defaultConfigurationName = Release;
		};
		BCC431491A33EB2600C16C88 /* Build configuration list for PBXNativeTarget "Game2Tests" */ = {
			isa = XCConfigurationList;
			buildConfigurations = (
				BCC4314A1A33EB2600C16C88 /* Debug */,
				BCC4314B1A33EB2600C16C88 /* Release */,
			);
			defaultConfigurationIsVisible = 0;
			defaultConfigurationName = Release;
		};
/* End XCConfigurationList section */
	};
	rootObject = BCC4311B1A33EB2600C16C88 /* Project object */;
}
